// !$*UTF8*$!
{
	archiveVersion = 1;
	classes = {
	};
	objectVersion = 56;
	objects = {

/* Begin PBXBuildFile section */
		DB556573289F2DEB000F76C8 /* AppDelegate.swift in Sources */ = {isa = PBXBuildFile; fileRef = DB556572289F2DEB000F76C8 /* AppDelegate.swift */; };
		DB556575289F2DEB000F76C8 /* SceneDelegate.swift in Sources */ = {isa = PBXBuildFile; fileRef = DB556574289F2DEB000F76C8 /* SceneDelegate.swift */; };
		DB556577289F2DEB000F76C8 /* ViewController.swift in Sources */ = {isa = PBXBuildFile; fileRef = DB556576289F2DEB000F76C8 /* ViewController.swift */; };
		DB55657A289F2DEB000F76C8 /* Main.storyboard in Resources */ = {isa = PBXBuildFile; fileRef = DB556578289F2DEB000F76C8 /* Main.storyboard */; };
		DB55657C289F2DEE000F76C8 /* Assets.xcassets in Resources */ = {isa = PBXBuildFile; fileRef = DB55657B289F2DEE000F76C8 /* Assets.xcassets */; };
		DB55657F289F2DEE000F76C8 /* LaunchScreen.storyboard in Resources */ = {isa = PBXBuildFile; fileRef = DB55657D289F2DEE000F76C8 /* LaunchScreen.storyboard */; };
		DB55658A289F2DEF000F76C8 /* UIKitCombineExampleTests.swift in Sources */ = {isa = PBXBuildFile; fileRef = DB556589289F2DEF000F76C8 /* UIKitCombineExampleTests.swift */; };
		DB556594289F2DEF000F76C8 /* UIKitCombineExampleUITests.swift in Sources */ = {isa = PBXBuildFile; fileRef = DB556593289F2DEF000F76C8 /* UIKitCombineExampleUITests.swift */; };
		DB556596289F2DEF000F76C8 /* UIKitCombineExampleUITestsLaunchTests.swift in Sources */ = {isa = PBXBuildFile; fileRef = DB556595289F2DEF000F76C8 /* UIKitCombineExampleUITestsLaunchTests.swift */; };
/* End PBXBuildFile section */

/* Begin PBXContainerItemProxy section */
		DB556586289F2DEF000F76C8 /* PBXContainerItemProxy */ = {
			isa = PBXContainerItemProxy;
			containerPortal = DB556567289F2DEB000F76C8 /* Project object */;
			proxyType = 1;
			remoteGlobalIDString = DB55656E289F2DEB000F76C8;
			remoteInfo = UIKitCombineExample;
		};
		DB556590289F2DEF000F76C8 /* PBXContainerItemProxy */ = {
			isa = PBXContainerItemProxy;
			containerPortal = DB556567289F2DEB000F76C8 /* Project object */;
			proxyType = 1;
			remoteGlobalIDString = DB55656E289F2DEB000F76C8;
			remoteInfo = UIKitCombineExample;
		};
/* End PBXContainerItemProxy section */

/* Begin PBXFileReference section */
		DB55656F289F2DEB000F76C8 /* UIKitCombineExample.app */ = {isa = PBXFileReference; explicitFileType = wrapper.application; includeInIndex = 0; path = UIKitCombineExample.app; sourceTree = BUILT_PRODUCTS_DIR; };
		DB556572289F2DEB000F76C8 /* AppDelegate.swift */ = {isa = PBXFileReference; lastKnownFileType = sourcecode.swift; path = AppDelegate.swift; sourceTree = "<group>"; };
		DB556574289F2DEB000F76C8 /* SceneDelegate.swift */ = {isa = PBXFileReference; lastKnownFileType = sourcecode.swift; path = SceneDelegate.swift; sourceTree = "<group>"; };
		DB556576289F2DEB000F76C8 /* ViewController.swift */ = {isa = PBXFileReference; lastKnownFileType = sourcecode.swift; path = ViewController.swift; sourceTree = "<group>"; };
		DB556579289F2DEB000F76C8 /* Base */ = {isa = PBXFileReference; lastKnownFileType = file.storyboard; name = Base; path = Base.lproj/Main.storyboard; sourceTree = "<group>"; };
		DB55657B289F2DEE000F76C8 /* Assets.xcassets */ = {isa = PBXFileReference; lastKnownFileType = folder.assetcatalog; path = Assets.xcassets; sourceTree = "<group>"; };
		DB55657E289F2DEE000F76C8 /* Base */ = {isa = PBXFileReference; lastKnownFileType = file.storyboard; name = Base; path = Base.lproj/LaunchScreen.storyboard; sourceTree = "<group>"; };
		DB556580289F2DEE000F76C8 /* Info.plist */ = {isa = PBXFileReference; lastKnownFileType = text.plist.xml; path = Info.plist; sourceTree = "<group>"; };
		DB556585289F2DEF000F76C8 /* UIKitCombineExampleTests.xctest */ = {isa = PBXFileReference; explicitFileType = wrapper.cfbundle; includeInIndex = 0; path = UIKitCombineExampleTests.xctest; sourceTree = BUILT_PRODUCTS_DIR; };
		DB556589289F2DEF000F76C8 /* UIKitCombineExampleTests.swift */ = {isa = PBXFileReference; lastKnownFileType = sourcecode.swift; path = UIKitCombineExampleTests.swift; sourceTree = "<group>"; };
		DB55658F289F2DEF000F76C8 /* UIKitCombineExampleUITests.xctest */ = {isa = PBXFileReference; explicitFileType = wrapper.cfbundle; includeInIndex = 0; path = UIKitCombineExampleUITests.xctest; sourceTree = BUILT_PRODUCTS_DIR; };
		DB556593289F2DEF000F76C8 /* UIKitCombineExampleUITests.swift */ = {isa = PBXFileReference; lastKnownFileType = sourcecode.swift; path = UIKitCombineExampleUITests.swift; sourceTree = "<group>"; };
		DB556595289F2DEF000F76C8 /* UIKitCombineExampleUITestsLaunchTests.swift */ = {isa = PBXFileReference; lastKnownFileType = sourcecode.swift; path = UIKitCombineExampleUITestsLaunchTests.swift; sourceTree = "<group>"; };
/* End PBXFileReference section */

/* Begin PBXFrameworksBuildPhase section */
		DB55656C289F2DEB000F76C8 /* Frameworks */ = {
			isa = PBXFrameworksBuildPhase;
			buildActionMask = 2147483647;
			files = (
			);
			runOnlyForDeploymentPostprocessing = 0;
		};
		DB556582289F2DEF000F76C8 /* Frameworks */ = {
			isa = PBXFrameworksBuildPhase;
			buildActionMask = 2147483647;
			files = (
			);
			runOnlyForDeploymentPostprocessing = 0;
		};
		DB55658C289F2DEF000F76C8 /* Frameworks */ = {
			isa = PBXFrameworksBuildPhase;
			buildActionMask = 2147483647;
			files = (
			);
			runOnlyForDeploymentPostprocessing = 0;
		};
/* End PBXFrameworksBuildPhase section */

/* Begin PBXGroup section */
		DB556566289F2DEB000F76C8 = {
			isa = PBXGroup;
			children = (
				DB556571289F2DEB000F76C8 /* UIKitCombineExample */,
				DB556588289F2DEF000F76C8 /* UIKitCombineExampleTests */,
				DB556592289F2DEF000F76C8 /* UIKitCombineExampleUITests */,
				DB556570289F2DEB000F76C8 /* Products */,
			);
			sourceTree = "<group>";
		};
		DB556570289F2DEB000F76C8 /* Products */ = {
			isa = PBXGroup;
			children = (
				DB55656F289F2DEB000F76C8 /* UIKitCombineExample.app */,
				DB556585289F2DEF000F76C8 /* UIKitCombineExampleTests.xctest */,
				DB55658F289F2DEF000F76C8 /* UIKitCombineExampleUITests.xctest */,
			);
			name = Products;
			sourceTree = "<group>";
		};
		DB556571289F2DEB000F76C8 /* UIKitCombineExample */ = {
			isa = PBXGroup;
			children = (
				DB556572289F2DEB000F76C8 /* AppDelegate.swift */,
				DB556574289F2DEB000F76C8 /* SceneDelegate.swift */,
				DB556576289F2DEB000F76C8 /* ViewController.swift */,
				DB556578289F2DEB000F76C8 /* Main.storyboard */,
				DB55657B289F2DEE000F76C8 /* Assets.xcassets */,
				DB55657D289F2DEE000F76C8 /* LaunchScreen.storyboard */,
				DB556580289F2DEE000F76C8 /* Info.plist */,
			);
			path = UIKitCombineExample;
			sourceTree = "<group>";
		};
		DB556588289F2DEF000F76C8 /* UIKitCombineExampleTests */ = {
			isa = PBXGroup;
			children = (
				DB556589289F2DEF000F76C8 /* UIKitCombineExampleTests.swift */,
			);
			path = UIKitCombineExampleTests;
			sourceTree = "<group>";
		};
		DB556592289F2DEF000F76C8 /* UIKitCombineExampleUITests */ = {
			isa = PBXGroup;
			children = (
				DB556593289F2DEF000F76C8 /* UIKitCombineExampleUITests.swift */,
				DB556595289F2DEF000F76C8 /* UIKitCombineExampleUITestsLaunchTests.swift */,
			);
			path = UIKitCombineExampleUITests;
			sourceTree = "<group>";
		};
/* End PBXGroup section */

/* Begin PBXNativeTarget section */
		DB55656E289F2DEB000F76C8 /* UIKitCombineExample */ = {
			isa = PBXNativeTarget;
			buildConfigurationList = DB556599289F2DEF000F76C8 /* Build configuration list for PBXNativeTarget "UIKitCombineExample" */;
			buildPhases = (
				DB55656B289F2DEB000F76C8 /* Sources */,
				DB55656C289F2DEB000F76C8 /* Frameworks */,
				DB55656D289F2DEB000F76C8 /* Resources */,
			);
			buildRules = (
			);
			dependencies = (
			);
			name = UIKitCombineExample;
			productName = UIKitCombineExample;
			productReference = DB55656F289F2DEB000F76C8 /* UIKitCombineExample.app */;
			productType = "com.apple.product-type.application";
		};
		DB556584289F2DEF000F76C8 /* UIKitCombineExampleTests */ = {
			isa = PBXNativeTarget;
			buildConfigurationList = DB55659C289F2DEF000F76C8 /* Build configuration list for PBXNativeTarget "UIKitCombineExampleTests" */;
			buildPhases = (
				DB556581289F2DEF000F76C8 /* Sources */,
				DB556582289F2DEF000F76C8 /* Frameworks */,
				DB556583289F2DEF000F76C8 /* Resources */,
			);
			buildRules = (
			);
			dependencies = (
				DB556587289F2DEF000F76C8 /* PBXTargetDependency */,
			);
			name = UIKitCombineExampleTests;
			productName = UIKitCombineExampleTests;
			productReference = DB556585289F2DEF000F76C8 /* UIKitCombineExampleTests.xctest */;
			productType = "com.apple.product-type.bundle.unit-test";
		};
		DB55658E289F2DEF000F76C8 /* UIKitCombineExampleUITests */ = {
			isa = PBXNativeTarget;
			buildConfigurationList = DB55659F289F2DEF000F76C8 /* Build configuration list for PBXNativeTarget "UIKitCombineExampleUITests" */;
			buildPhases = (
				DB55658B289F2DEF000F76C8 /* Sources */,
				DB55658C289F2DEF000F76C8 /* Frameworks */,
				DB55658D289F2DEF000F76C8 /* Resources */,
			);
			buildRules = (
			);
			dependencies = (
				DB556591289F2DEF000F76C8 /* PBXTargetDependency */,
			);
			name = UIKitCombineExampleUITests;
			productName = UIKitCombineExampleUITests;
			productReference = DB55658F289F2DEF000F76C8 /* UIKitCombineExampleUITests.xctest */;
			productType = "com.apple.product-type.bundle.ui-testing";
		};
/* End PBXNativeTarget section */

/* Begin PBXProject section */
		DB556567289F2DEB000F76C8 /* Project object */ = {
			isa = PBXProject;
			attributes = {
				BuildIndependentTargetsInParallel = 1;
				LastSwiftUpdateCheck = 1400;
				LastUpgradeCheck = 1400;
				TargetAttributes = {
					DB55656E289F2DEB000F76C8 = {
						CreatedOnToolsVersion = 14.0;
					};
					DB556584289F2DEF000F76C8 = {
						CreatedOnToolsVersion = 14.0;
						TestTargetID = DB55656E289F2DEB000F76C8;
					};
					DB55658E289F2DEF000F76C8 = {
						CreatedOnToolsVersion = 14.0;
						TestTargetID = DB55656E289F2DEB000F76C8;
					};
				};
			};
			buildConfigurationList = DB55656A289F2DEB000F76C8 /* Build configuration list for PBXProject "UIKitCombineExample" */;
			compatibilityVersion = "Xcode 14.0";
			developmentRegion = en;
			hasScannedForEncodings = 0;
			knownRegions = (
				en,
				Base,
			);
			mainGroup = DB556566289F2DEB000F76C8;
			productRefGroup = DB556570289F2DEB000F76C8 /* Products */;
			projectDirPath = "";
			projectRoot = "";
			targets = (
				DB55656E289F2DEB000F76C8 /* UIKitCombineExample */,
				DB556584289F2DEF000F76C8 /* UIKitCombineExampleTests */,
				DB55658E289F2DEF000F76C8 /* UIKitCombineExampleUITests */,
			);
		};
/* End PBXProject section */

/* Begin PBXResourcesBuildPhase section */
		DB55656D289F2DEB000F76C8 /* Resources */ = {
			isa = PBXResourcesBuildPhase;
			buildActionMask = 2147483647;
			files = (
				DB55657F289F2DEE000F76C8 /* LaunchScreen.storyboard in Resources */,
				DB55657C289F2DEE000F76C8 /* Assets.xcassets in Resources */,
				DB55657A289F2DEB000F76C8 /* Main.storyboard in Resources */,
			);
			runOnlyForDeploymentPostprocessing = 0;
		};
		DB556583289F2DEF000F76C8 /* Resources */ = {
			isa = PBXResourcesBuildPhase;
			buildActionMask = 2147483647;
			files = (
			);
			runOnlyForDeploymentPostprocessing = 0;
		};
		DB55658D289F2DEF000F76C8 /* Resources */ = {
			isa = PBXResourcesBuildPhase;
			buildActionMask = 2147483647;
			files = (
			);
			runOnlyForDeploymentPostprocessing = 0;
		};
/* End PBXResourcesBuildPhase section */

/* Begin PBXSourcesBuildPhase section */
		DB55656B289F2DEB000F76C8 /* Sources */ = {
			isa = PBXSourcesBuildPhase;
			buildActionMask = 2147483647;
			files = (
				DB556577289F2DEB000F76C8 /* ViewController.swift in Sources */,
				DB556573289F2DEB000F76C8 /* AppDelegate.swift in Sources */,
				DB556575289F2DEB000F76C8 /* SceneDelegate.swift in Sources */,
			);
			runOnlyForDeploymentPostprocessing = 0;
		};
		DB556581289F2DEF000F76C8 /* Sources */ = {
			isa = PBXSourcesBuildPhase;
			buildActionMask = 2147483647;
			files = (
				DB55658A289F2DEF000F76C8 /* UIKitCombineExampleTests.swift in Sources */,
			);
			runOnlyForDeploymentPostprocessing = 0;
		};
		DB55658B289F2DEF000F76C8 /* Sources */ = {
			isa = PBXSourcesBuildPhase;
			buildActionMask = 2147483647;
			files = (
				DB556596289F2DEF000F76C8 /* UIKitCombineExampleUITestsLaunchTests.swift in Sources */,
				DB556594289F2DEF000F76C8 /* UIKitCombineExampleUITests.swift in Sources */,
			);
			runOnlyForDeploymentPostprocessing = 0;
		};
/* End PBXSourcesBuildPhase section */

/* Begin PBXTargetDependency section */
		DB556587289F2DEF000F76C8 /* PBXTargetDependency */ = {
			isa = PBXTargetDependency;
			target = DB55656E289F2DEB000F76C8 /* UIKitCombineExample */;
			targetProxy = DB556586289F2DEF000F76C8 /* PBXContainerItemProxy */;
		};
		DB556591289F2DEF000F76C8 /* PBXTargetDependency */ = {
			isa = PBXTargetDependency;
			target = DB55656E289F2DEB000F76C8 /* UIKitCombineExample */;
			targetProxy = DB556590289F2DEF000F76C8 /* PBXContainerItemProxy */;
		};
/* End PBXTargetDependency section */

/* Begin PBXVariantGroup section */
		DB556578289F2DEB000F76C8 /* Main.storyboard */ = {
			isa = PBXVariantGroup;
			children = (
				DB556579289F2DEB000F76C8 /* Base */,
			);
			name = Main.storyboard;
			sourceTree = "<group>";
		};
		DB55657D289F2DEE000F76C8 /* LaunchScreen.storyboard */ = {
			isa = PBXVariantGroup;
			children = (
				DB55657E289F2DEE000F76C8 /* Base */,
			);
			name = LaunchScreen.storyboard;
			sourceTree = "<group>";
		};
/* End PBXVariantGroup section */

/* Begin XCBuildConfiguration section */
		DB556597289F2DEF000F76C8 /* Debug */ = {
			isa = XCBuildConfiguration;
			buildSettings = {
				ALWAYS_SEARCH_USER_PATHS = NO;
				CLANG_ANALYZER_NONNULL = YES;
				CLANG_ANALYZER_NUMBER_OBJECT_CONVERSION = YES_AGGRESSIVE;
				CLANG_CXX_LANGUAGE_STANDARD = "gnu++20";
				CLANG_ENABLE_MODULES = YES;
				CLANG_ENABLE_OBJC_ARC = YES;
				CLANG_ENABLE_OBJC_WEAK = YES;
				CLANG_WARN_BLOCK_CAPTURE_AUTORELEASING = YES;
				CLANG_WARN_BOOL_CONVERSION = YES;
				CLANG_WARN_COMMA = YES;
				CLANG_WARN_CONSTANT_CONVERSION = YES;
				CLANG_WARN_DEPRECATED_OBJC_IMPLEMENTATIONS = YES;
				CLANG_WARN_DIRECT_OBJC_ISA_USAGE = YES_ERROR;
				CLANG_WARN_DOCUMENTATION_COMMENTS = YES;
				CLANG_WARN_EMPTY_BODY = YES;
				CLANG_WARN_ENUM_CONVERSION = YES;
				CLANG_WARN_INFINITE_RECURSION = YES;
				CLANG_WARN_INT_CONVERSION = YES;
				CLANG_WARN_NON_LITERAL_NULL_CONVERSION = YES;
				CLANG_WARN_OBJC_IMPLICIT_RETAIN_SELF = YES;
				CLANG_WARN_OBJC_LITERAL_CONVERSION = YES;
				CLANG_WARN_OBJC_ROOT_CLASS = YES_ERROR;
				CLANG_WARN_QUOTED_INCLUDE_IN_FRAMEWORK_HEADER = YES;
				CLANG_WARN_RANGE_LOOP_ANALYSIS = YES;
				CLANG_WARN_STRICT_PROTOTYPES = YES;
				CLANG_WARN_SUSPICIOUS_MOVE = YES;
				CLANG_WARN_UNGUARDED_AVAILABILITY = YES_AGGRESSIVE;
				CLANG_WARN_UNREACHABLE_CODE = YES;
				CLANG_WARN__DUPLICATE_METHOD_MATCH = YES;
				COPY_PHASE_STRIP = NO;
				DEBUG_INFORMATION_FORMAT = dwarf;
				ENABLE_STRICT_OBJC_MSGSEND = YES;
				ENABLE_TESTABILITY = YES;
				GCC_C_LANGUAGE_STANDARD = gnu11;
				GCC_DYNAMIC_NO_PIC = NO;
				GCC_NO_COMMON_BLOCKS = YES;
				GCC_OPTIMIZATION_LEVEL = 0;
				GCC_PREPROCESSOR_DEFINITIONS = (
					"DEBUG=1",
					"$(inherited)",
				);
				GCC_WARN_64_TO_32_BIT_CONVERSION = YES;
				GCC_WARN_ABOUT_RETURN_TYPE = YES_ERROR;
				GCC_WARN_UNDECLARED_SELECTOR = YES;
				GCC_WARN_UNINITIALIZED_AUTOS = YES_AGGRESSIVE;
				GCC_WARN_UNUSED_FUNCTION = YES;
				GCC_WARN_UNUSED_VARIABLE = YES;
				IPHONEOS_DEPLOYMENT_TARGET = 16.0;
				MTL_ENABLE_DEBUG_INFO = INCLUDE_SOURCE;
				MTL_FAST_MATH = YES;
				ONLY_ACTIVE_ARCH = YES;
				SDKROOT = iphoneos;
				SWIFT_ACTIVE_COMPILATION_CONDITIONS = DEBUG;
				SWIFT_OPTIMIZATION_LEVEL = "-Onone";
			};
			name = Debug;
		};
		DB556598289F2DEF000F76C8 /* Release */ = {
			isa = XCBuildConfiguration;
			buildSettings = {
				ALWAYS_SEARCH_USER_PATHS = NO;
				CLANG_ANALYZER_NONNULL = YES;
				CLANG_ANALYZER_NUMBER_OBJECT_CONVERSION = YES_AGGRESSIVE;
				CLANG_CXX_LANGUAGE_STANDARD = "gnu++20";
				CLANG_ENABLE_MODULES = YES;
				CLANG_ENABLE_OBJC_ARC = YES;
				CLANG_ENABLE_OBJC_WEAK = YES;
				CLANG_WARN_BLOCK_CAPTURE_AUTORELEASING = YES;
				CLANG_WARN_BOOL_CONVERSION = YES;
				CLANG_WARN_COMMA = YES;
				CLANG_WARN_CONSTANT_CONVERSION = YES;
				CLANG_WARN_DEPRECATED_OBJC_IMPLEMENTATIONS = YES;
				CLANG_WARN_DIRECT_OBJC_ISA_USAGE = YES_ERROR;
				CLANG_WARN_DOCUMENTATION_COMMENTS = YES;
				CLANG_WARN_EMPTY_BODY = YES;
				CLANG_WARN_ENUM_CONVERSION = YES;
				CLANG_WARN_INFINITE_RECURSION = YES;
				CLANG_WARN_INT_CONVERSION = YES;
				CLANG_WARN_NON_LITERAL_NULL_CONVERSION = YES;
				CLANG_WARN_OBJC_IMPLICIT_RETAIN_SELF = YES;
				CLANG_WARN_OBJC_LITERAL_CONVERSION = YES;
				CLANG_WARN_OBJC_ROOT_CLASS = YES_ERROR;
				CLANG_WARN_QUOTED_INCLUDE_IN_FRAMEWORK_HEADER = YES;
				CLANG_WARN_RANGE_LOOP_ANALYSIS = YES;
				CLANG_WARN_STRICT_PROTOTYPES = YES;
				CLANG_WARN_SUSPICIOUS_MOVE = YES;
				CLANG_WARN_UNGUARDED_AVAILABILITY = YES_AGGRESSIVE;
				CLANG_WARN_UNREACHABLE_CODE = YES;
				CLANG_WARN__DUPLICATE_METHOD_MATCH = YES;
				COPY_PHASE_STRIP = NO;
				DEBUG_INFORMATION_FORMAT = "dwarf-with-dsym";
				ENABLE_NS_ASSERTIONS = NO;
				ENABLE_STRICT_OBJC_MSGSEND = YES;
				GCC_C_LANGUAGE_STANDARD = gnu11;
				GCC_NO_COMMON_BLOCKS = YES;
				GCC_WARN_64_TO_32_BIT_CONVERSION = YES;
				GCC_WARN_ABOUT_RETURN_TYPE = YES_ERROR;
				GCC_WARN_UNDECLARED_SELECTOR = YES;
				GCC_WARN_UNINITIALIZED_AUTOS = YES_AGGRESSIVE;
				GCC_WARN_UNUSED_FUNCTION = YES;
				GCC_WARN_UNUSED_VARIABLE = YES;
				IPHONEOS_DEPLOYMENT_TARGET = 16.0;
				MTL_ENABLE_DEBUG_INFO = NO;
				MTL_FAST_MATH = YES;
				SDKROOT = iphoneos;
				SWIFT_COMPILATION_MODE = wholemodule;
				SWIFT_OPTIMIZATION_LEVEL = "-O";
				VALIDATE_PRODUCT = YES;
			};
			name = Release;
		};
		DB55659A289F2DEF000F76C8 /* Debug */ = {
			isa = XCBuildConfiguration;
			buildSettings = {
				ASSETCATALOG_COMPILER_APPICON_NAME = AppIcon;
				ASSETCATALOG_COMPILER_GLOBAL_ACCENT_COLOR_NAME = AccentColor;
				CODE_SIGN_STYLE = Automatic;
				CURRENT_PROJECT_VERSION = 1;
				DEVELOPMENT_TEAM = 84557KRKBS;
				GENERATE_INFOPLIST_FILE = YES;
				INFOPLIST_FILE = UIKitCombineExample/Info.plist;
				INFOPLIST_KEY_UIApplicationSupportsIndirectInputEvents = YES;
				INFOPLIST_KEY_UILaunchStoryboardName = LaunchScreen;
				INFOPLIST_KEY_UIMainStoryboardFile = Main;
				INFOPLIST_KEY_UISupportedInterfaceOrientations_iPad = "UIInterfaceOrientationPortrait UIInterfaceOrientationPortraitUpsideDown UIInterfaceOrientationLandscapeLeft UIInterfaceOrientationLandscapeRight";
				INFOPLIST_KEY_UISupportedInterfaceOrientations_iPhone = "UIInterfaceOrientationPortrait UIInterfaceOrientationLandscapeLeft UIInterfaceOrientationLandscapeRight";
				LD_RUNPATH_SEARCH_PATHS = (
					"$(inherited)",
					"@executable_path/Frameworks",
				);
				MARKETING_VERSION = 1.0;
				PRODUCT_BUNDLE_IDENTIFIER = com.kotarofukuo.UIKitCombineExample;
				PRODUCT_NAME = "$(TARGET_NAME)";
				SWIFT_EMIT_LOC_STRINGS = YES;
				SWIFT_VERSION = 5.0;
				TARGETED_DEVICE_FAMILY = "1,2";
			};
			name = Debug;
		};
		DB55659B289F2DEF000F76C8 /* Release */ = {
			isa = XCBuildConfiguration;
			buildSettings = {
				ASSETCATALOG_COMPILER_APPICON_NAME = AppIcon;
				ASSETCATALOG_COMPILER_GLOBAL_ACCENT_COLOR_NAME = AccentColor;
				CODE_SIGN_STYLE = Automatic;
				CURRENT_PROJECT_VERSION = 1;
				DEVELOPMENT_TEAM = 84557KRKBS;
				GENERATE_INFOPLIST_FILE = YES;
				INFOPLIST_FILE = UIKitCombineExample/Info.plist;
				INFOPLIST_KEY_UIApplicationSupportsIndirectInputEvents = YES;
				INFOPLIST_KEY_UILaunchStoryboardName = LaunchScreen;
				INFOPLIST_KEY_UIMainStoryboardFile = Main;
				INFOPLIST_KEY_UISupportedInterfaceOrientations_iPad = "UIInterfaceOrientationPortrait UIInterfaceOrientationPortraitUpsideDown UIInterfaceOrientationLandscapeLeft UIInterfaceOrientationLandscapeRight";
				INFOPLIST_KEY_UISupportedInterfaceOrientations_iPhone = "UIInterfaceOrientationPortrait UIInterfaceOrientationLandscapeLeft UIInterfaceOrientationLandscapeRight";
				LD_RUNPATH_SEARCH_PATHS = (
					"$(inherited)",
					"@executable_path/Frameworks",
				);
				MARKETING_VERSION = 1.0;
				PRODUCT_BUNDLE_IDENTIFIER = com.kotarofukuo.UIKitCombineExample;
				PRODUCT_NAME = "$(TARGET_NAME)";
				SWIFT_EMIT_LOC_STRINGS = YES;
				SWIFT_VERSION = 5.0;
				TARGETED_DEVICE_FAMILY = "1,2";
			};
			name = Release;
		};
		DB55659D289F2DEF000F76C8 /* Debug */ = {
			isa = XCBuildConfiguration;
			buildSettings = {
				ALWAYS_EMBED_SWIFT_STANDARD_LIBRARIES = YES;
				BUNDLE_LOADER = "$(TEST_HOST)";
				CODE_SIGN_STYLE = Automatic;
				CURRENT_PROJECT_VERSION = 1;
				DEVELOPMENT_TEAM = 84557KRKBS;
				GENERATE_INFOPLIST_FILE = YES;
				IPHONEOS_DEPLOYMENT_TARGET = 16.0;
				MARKETING_VERSION = 1.0;
				PRODUCT_BUNDLE_IDENTIFIER = com.kotarofukuo.UIKitCombineExampleTests;
				PRODUCT_NAME = "$(TARGET_NAME)";
				SWIFT_EMIT_LOC_STRINGS = NO;
				SWIFT_VERSION = 5.0;
				TARGETED_DEVICE_FAMILY = "1,2";
				TEST_HOST = "$(BUILT_PRODUCTS_DIR)/UIKitCombineExample.app/$(BUNDLE_EXECUTABLE_FOLDER_PATH)/UIKitCombineExample";
			};
			name = Debug;
		};
		DB55659E289F2DEF000F76C8 /* Release */ = {
			isa = XCBuildConfiguration;
			buildSettings = {
				ALWAYS_EMBED_SWIFT_STANDARD_LIBRARIES = YES;
				BUNDLE_LOADER = "$(TEST_HOST)";
				CODE_SIGN_STYLE = Automatic;
				CURRENT_PROJECT_VERSION = 1;
				DEVELOPMENT_TEAM = 84557KRKBS;
				GENERATE_INFOPLIST_FILE = YES;
				IPHONEOS_DEPLOYMENT_TARGET = 16.0;
				MARKETING_VERSION = 1.0;
				PRODUCT_BUNDLE_IDENTIFIER = com.kotarofukuo.UIKitCombineExampleTests;
				PRODUCT_NAME = "$(TARGET_NAME)";
				SWIFT_EMIT_LOC_STRINGS = NO;
				SWIFT_VERSION = 5.0;
				TARGETED_DEVICE_FAMILY = "1,2";
				TEST_HOST = "$(BUILT_PRODUCTS_DIR)/UIKitCombineExample.app/$(BUNDLE_EXECUTABLE_FOLDER_PATH)/UIKitCombineExample";
			};
			name = Release;
		};
		DB5565A0289F2DEF000F76C8 /* Debug */ = {
			isa = XCBuildConfiguration;
			buildSettings = {
				ALWAYS_EMBED_SWIFT_STANDARD_LIBRARIES = YES;
				CODE_SIGN_STYLE = Automatic;
				CURRENT_PROJECT_VERSION = 1;
				DEVELOPMENT_TEAM = 84557KRKBS;
				GENERATE_INFOPLIST_FILE = YES;
				MARKETING_VERSION = 1.0;
				PRODUCT_BUNDLE_IDENTIFIER = com.kotarofukuo.UIKitCombineExampleUITests;
				PRODUCT_NAME = "$(TARGET_NAME)";
				SWIFT_EMIT_LOC_STRINGS = NO;
				SWIFT_VERSION = 5.0;
				TARGETED_DEVICE_FAMILY = "1,2";
				TEST_TARGET_NAME = UIKitCombineExample;
			};
			name = Debug;
		};
		DB5565A1289F2DEF000F76C8 /* Release */ = {
			isa = XCBuildConfiguration;
			buildSettings = {
				ALWAYS_EMBED_SWIFT_STANDARD_LIBRARIES = YES;
				CODE_SIGN_STYLE = Automatic;
				CURRENT_PROJECT_VERSION = 1;
				DEVELOPMENT_TEAM = 84557KRKBS;
				GENERATE_INFOPLIST_FILE = YES;
				MARKETING_VERSION = 1.0;
				PRODUCT_BUNDLE_IDENTIFIER = com.kotarofukuo.UIKitCombineExampleUITests;
				PRODUCT_NAME = "$(TARGET_NAME)";
				SWIFT_EMIT_LOC_STRINGS = NO;
				SWIFT_VERSION = 5.0;
				TARGETED_DEVICE_FAMILY = "1,2";
				TEST_TARGET_NAME = UIKitCombineExample;
			};
			name = Release;
		};
/* End XCBuildConfiguration section */

/* Begin XCConfigurationList section */
		DB55656A289F2DEB000F76C8 /* Build configuration list for PBXProject "UIKitCombineExample" */ = {
			isa = XCConfigurationList;
			buildConfigurations = (
				DB556597289F2DEF000F76C8 /* Debug */,
				DB556598289F2DEF000F76C8 /* Release */,
			);
			defaultConfigurationIsVisible = 0;
			defaultConfigurationName = Release;
		};
		DB556599289F2DEF000F76C8 /* Build configuration list for PBXNativeTarget "UIKitCombineExample" */ = {
			isa = XCConfigurationList;
			buildConfigurations = (
				DB55659A289F2DEF000F76C8 /* Debug */,
				DB55659B289F2DEF000F76C8 /* Release */,
			);
			defaultConfigurationIsVisible = 0;
			defaultConfigurationName = Release;
		};
		DB55659C289F2DEF000F76C8 /* Build configuration list for PBXNativeTarget "UIKitCombineExampleTests" */ = {
			isa = XCConfigurationList;
			buildConfigurations = (
				DB55659D289F2DEF000F76C8 /* Debug */,
				DB55659E289F2DEF000F76C8 /* Release */,
			);
			defaultConfigurationIsVisible = 0;
			defaultConfigurationName = Release;
		};
		DB55659F289F2DEF000F76C8 /* Build configuration list for PBXNativeTarget "UIKitCombineExampleUITests" */ = {
			isa = XCConfigurationList;
			buildConfigurations = (
				DB5565A0289F2DEF000F76C8 /* Debug */,
				DB5565A1289F2DEF000F76C8 /* Release */,
			);
			defaultConfigurationIsVisible = 0;
			defaultConfigurationName = Release;
		};
/* End XCConfigurationList section */
	};
	rootObject = DB556567289F2DEB000F76C8 /* Project object */;
}
